
Microsoft Visual Studio Solution File, Format Version 12.00
# Visual Studio Version 16
VisualStudioVersion = 16.0.30907.101
MinimumVisualStudioVersion = 10.0.40219.1
Project("{9A19103F-16F7-4668-BE54-9A1E7A4F7556}") = "DataAccess", "DataAccess\DataAccess.csproj", "{477D7783-257A-440C-9DA6-6324A429BE8D}"
EndProject
Project("{9A19103F-16F7-4668-BE54-9A1E7A4F7556}") = "Business", "Business\Business.csproj", "{A787AB3A-C08F-45C3-BF87-6AD1DEE6C5BA}"
EndProject
Project("{9A19103F-16F7-4668-BE54-9A1E7A4F7556}") = "Entities", "Entities\Entities.csproj", "{7FC25F26-D2A4-4CA5-B108-AAFB0BE7DDF3}"
EndProject
Project("{9A19103F-16F7-4668-BE54-9A1E7A4F7556}") = "ConsoleUI", "ConsoleUI\ConsoleUI.csproj", "{4CE9C8D6-E9C4-4116-816A-AB39B367CBF0}"
EndProject
Project("{9A19103F-16F7-4668-BE54-9A1E7A4F7556}") = "Core", "Core\Core.csproj", "{0EC54CC4-02EB-4E42-A221-9AB39281C52E}"
EndProject
Project("{FAE04EC0-301F-11D3-BF4B-00C04F79EFBC}") = "WebAPI", "WebAPI\WebAPI.csproj", "{B11388E2-66E0-40E1-8446-7DA0DC015157}"
EndProject
Global
	GlobalSection(SolutionConfigurationPlatforms) = preSolution
		Debug|Any CPU = Debug|Any CPU
		Release|Any CPU = Release|Any CPU
	EndGlobalSection
	GlobalSection(ProjectConfigurationPlatforms) = postSolution
		{477D7783-257A-440C-9DA6-6324A429BE8D}.Debug|Any CPU.ActiveCfg = Debug|Any CPU
		{477D7783-257A-440C-9DA6-6324A429BE8D}.Debug|Any CPU.Build.0 = Debug|Any CPU
		{477D7783-257A-440C-9DA6-6324A429BE8D}.Release|Any CPU.ActiveCfg = Release|Any CPU
		{477D7783-257A-440C-9DA6-6324A429BE8D}.Release|Any CPU.Build.0 = Release|Any CPU
		{A787AB3A-C08F-45C3-BF87-6AD1DEE6C5BA}.Debug|Any CPU.ActiveCfg = Debug|Any CPU
		{A787AB3A-C08F-45C3-BF87-6AD1DEE6C5BA}.Debug|Any CPU.Build.0 = Debug|Any CPU
		{A787AB3A-C08F-45C3-BF87-6AD1DEE6C5BA}.Release|Any CPU.ActiveCfg = Release|Any CPU
		{A787AB3A-C08F-45C3-BF87-6AD1DEE6C5BA}.Release|Any CPU.Build.0 = Release|Any CPU
		{7FC25F26-D2A4-4CA5-B108-AAFB0BE7DDF3}.Debug|Any CPU.ActiveCfg = Debug|Any CPU
		{7FC25F26-D2A4-4CA5-B108-AAFB0BE7DDF3}.Debug|Any CPU.Build.0 = Debug|Any CPU
		{7FC25F26-D2A4-4CA5-B108-AAFB0BE7DDF3}.Release|Any CPU.ActiveCfg = Release|Any CPU
		{7FC25F26-D2A4-4CA5-B108-AAFB0BE7DDF3}.Release|Any CPU.Build.0 = Release|Any CPU
		{4CE9C8D6-E9C4-4116-816A-AB39B367CBF0}.Debug|Any CPU.ActiveCfg = Debug|Any CPU
		{4CE9C8D6-E9C4-4116-816A-AB39B367CBF0}.Debug|Any CPU.Build.0 = Debug|Any CPU
		{4CE9C8D6-E9C4-4116-816A-AB39B367CBF0}.Release|Any CPU.ActiveCfg = Release|Any CPU
		{4CE9C8D6-E9C4-4116-816A-AB39B367CBF0}.Release|Any CPU.Build.0 = Release|Any CPU
		{0EC54CC4-02EB-4E42-A221-9AB39281C52E}.Debug|Any CPU.ActiveCfg = Debug|Any CPU
		{0EC54CC4-02EB-4E42-A221-9AB39281C52E}.Debug|Any CPU.Build.0 = Debug|Any CPU
		{0EC54CC4-02EB-4E42-A221-9AB39281C52E}.Release|Any CPU.ActiveCfg = Release|Any CPU
		{0EC54CC4-02EB-4E42-A221-9AB39281C52E}.Release|Any CPU.Build.0 = Release|Any CPU
		{B11388E2-66E0-40E1-8446-7DA0DC015157}.Debug|Any CPU.ActiveCfg = Debug|Any CPU
		{B11388E2-66E0-40E1-8446-7DA0DC015157}.Debug|Any CPU.Build.0 = Debug|Any CPU
		{B11388E2-66E0-40E1-8446-7DA0DC015157}.Release|Any CPU.ActiveCfg = Release|Any CPU
		{B11388E2-66E0-40E1-8446-7DA0DC015157}.Release|Any CPU.Build.0 = Release|Any CPU
	EndGlobalSection
	GlobalSection(SolutionProperties) = preSolution
		HideSolutionNode = FALSE
	EndGlobalSection
	GlobalSection(ExtensibilityGlobals) = postSolution
		SolutionGuid = {8FA109BE-5760-4AA3-A71E-C94F626618D8}
	EndGlobalSection
EndGlobal
